
Microsoft Visual Studio Solution File, Format Version 12.00
# Visual Studio Version 17
VisualStudioVersion = 17.4.33122.133
MinimumVisualStudioVersion = 10.0.40219.1
Project("{FAE04EC0-301F-11D3-BF4B-00C04F79EFBC}") = "FilipsChess", "Chess\FilipsChess.csproj", "{AC3E51BF-2966-451B-844E-9F2E132A96F2}"
EndProject
Global
	GlobalSection(SolutionConfigurationPlatforms) = preSolution
		Debug|Any CPU = Debug|Any CPU
		Release|Any CPU = Release|Any CPU
	EndGlobalSection
	GlobalSection(ProjectConfigurationPlatforms) = postSolution
		{AC3E51BF-2966-451B-844E-9F2E132A96F2}.Debug|Any CPU.ActiveCfg = Debug|Any CPU
		{AC3E51BF-2966-451B-844E-9F2E132A96F2}.Debug|Any CPU.Build.0 = Debug|Any CPU
		{AC3E51BF-2966-451B-844E-9F2E132A96F2}.Release|Any CPU.ActiveCfg = Release|Any CPU
		{AC3E51BF-2966-451B-844E-9F2E132A96F2}.Release|Any CPU.Build.0 = Release|Any CPU
	EndGlobalSection
	GlobalSection(SolutionProperties) = preSolution
		HideSolutionNode = FALSE
	EndGlobalSection
	GlobalSection(ExtensibilityGlobals) = postSolution
		SolutionGuid = {D93FE739-16A1-45D5-A592-7CDBA6503009}
	EndGlobalSection
EndGlobal
